# THIS IS AN AUTOGENERATED FILE. DO NOT EDIT THIS FILE DIRECTLY.
# yarn lockfile v1


"@babel/helper-module-imports@7.0.0-beta.35":
  "integrity" "sha512-vaC1KyIZSuyWb3Lj277fX0pxivyHwuDU4xZsofqgYAbkDxNieMg2vuhzP5AgMweMY7fCQUMTi+BgPqTLjkxXFg=="
  "resolved" "https://registry.npmmirror.com/@babel/helper-module-imports/-/helper-module-imports-7.0.0-beta.35.tgz"
  "version" "7.0.0-beta.35"
  dependencies:
    "@babel/types" "7.0.0-beta.35"
    "lodash" "^4.2.0"

"@babel/parser@^7.18.4":
  "integrity" "sha512-URpaIJQwEkEC2T9Kn+Ai6Xe/02iNaVCuT/PtoRz3GPVJVDpPd7mLo+VddTbhCRU9TXqW5mSrQfXZyi8kDKOVpQ=="
  "resolved" "https://registry.npmmirror.com/@babel/parser/-/parser-7.21.2.tgz"
  "version" "7.21.2"

"@babel/runtime@^7.12.0":
  "integrity" "sha512-xwII0//EObnq89Ji5AKYQaRYiW/nZ3llSv29d49IuxPhKbtJoLP+9QUUZ4nVragQVtaVGeZrpB+ZtG/Pdy/POw=="
  "resolved" "https://registry.npmmirror.com/@babel/runtime/-/runtime-7.21.0.tgz"
  "version" "7.21.0"
  dependencies:
    "regenerator-runtime" "^0.13.11"

"@babel/types@7.0.0-beta.35":
  "integrity" "sha512-y9XT11CozHDgjWcTdxmhSj13rJVXpa5ZXwjjOiTedjaM0ba5ItqdS02t31EhPl7HtOWxsZkYCCUNrSfrOisA6w=="
  "resolved" "https://registry.npmmirror.com/@babel/types/-/types-7.0.0-beta.35.tgz"
  "version" "7.0.0-beta.35"
  dependencies:
    "esutils" "^2.0.2"
    "lodash" "^4.2.0"
    "to-fast-properties" "^2.0.0"

"@transloadit/prettier-bytes@0.0.7":
  "integrity" "sha512-VeJbUb0wEKbcwaSlj5n+LscBl9IPgLPkHVGBkh00cztv6X4L/TJXK58LzFuBKX7/GAfiGhIwH67YTLTlzvIzBA=="
  "resolved" "https://registry.npmmirror.com/@transloadit/prettier-bytes/-/prettier-bytes-0.0.7.tgz"
  "version" "0.0.7"

"@types/event-emitter@^0.3.3":
  "integrity" "sha512-UfnOK1pIxO7P+EgPRZXD9jMpimd8QEFcEZ5R67R1UhGbv4zghU5+NE7U8M8G9H5Jc8FI51rqDWQs6FtUfq2e/Q=="
  "resolved" "https://registry.npmmirror.com/@types/event-emitter/-/event-emitter-0.3.3.tgz"
  "version" "0.3.3"

"@uppy/companion-client@^2.2.2":
  "integrity" "sha512-5mTp2iq97/mYSisMaBtFRry6PTgZA6SIL7LePteOV5x0/DxKfrZW3DEiQERJmYpHzy7k8johpm2gHnEKto56Og=="
  "resolved" "https://registry.npmmirror.com/@uppy/companion-client/-/companion-client-2.2.2.tgz"
  "version" "2.2.2"
  dependencies:
    "@uppy/utils" "^4.1.2"
    "namespace-emitter" "^2.0.1"

"@uppy/core@^2.0.3", "@uppy/core@^2.1.1", "@uppy/core@^2.1.4", "@uppy/core@^2.3.3":
  "integrity" "sha512-iWAqppC8FD8mMVqewavCz+TNaet6HPXitmGXpGGREGrakZ4FeuWytVdrelydzTdXx6vVKkOmI2FLztGg73sENQ=="
  "resolved" "https://registry.npmmirror.com/@uppy/core/-/core-2.3.4.tgz"
  "version" "2.3.4"
  dependencies:
    "@transloadit/prettier-bytes" "0.0.7"
    "@uppy/store-default" "^2.1.1"
    "@uppy/utils" "^4.1.3"
    "lodash.throttle" "^4.1.1"
    "mime-match" "^1.0.2"
    "namespace-emitter" "^2.0.1"
    "nanoid" "^3.1.25"
    "preact" "^10.5.13"

"@uppy/store-default@^2.1.1":
  "integrity" "sha512-xnpTxvot2SeAwGwbvmJ899ASk5tYXhmZzD/aCFsXePh/v8rNvR2pKlcQUH7cF/y4baUGq3FHO/daKCok/mpKqQ=="
  "resolved" "https://registry.npmmirror.com/@uppy/store-default/-/store-default-2.1.1.tgz"
  "version" "2.1.1"

"@uppy/utils@^4.1.2", "@uppy/utils@^4.1.3":
  "integrity" "sha512-nTuMvwWYobnJcytDO3t+D6IkVq/Qs4Xv3vyoEZ+Iaf8gegZP+rEyoaFT2CK5XLRMienPyqRqNbIfRuFaOWSIFw=="
  "resolved" "https://registry.npmmirror.com/@uppy/utils/-/utils-4.1.3.tgz"
  "version" "4.1.3"
  dependencies:
    "lodash.throttle" "^4.1.1"

"@uppy/xhr-upload@^2.0.3", "@uppy/xhr-upload@^2.0.7":
  "integrity" "sha512-YWOQ6myBVPs+mhNjfdWsQyMRWUlrDLMoaG7nvf/G6Y3GKZf8AyjFDjvvJ49XWQ+DaZOftGkHmF1uh/DBeGivJQ=="
  "resolved" "https://registry.npmmirror.com/@uppy/xhr-upload/-/xhr-upload-2.1.3.tgz"
  "version" "2.1.3"
  dependencies:
    "@uppy/companion-client" "^2.2.2"
    "@uppy/utils" "^4.1.2"
    "nanoid" "^3.1.25"

"@vue/compiler-sfc@2.7.14":
  "integrity" "sha512-aNmNHyLPsw+sVvlQFQ2/8sjNuLtK54TC6cuKnVzAY93ks4ZBrvwQSnkkIh7bsbNhum5hJBS00wSDipQ937f5DA=="
  "resolved" "https://registry.npmmirror.com/@vue/compiler-sfc/-/compiler-sfc-2.7.14.tgz"
  "version" "2.7.14"
  dependencies:
    "@babel/parser" "^7.18.4"
    "postcss" "^8.4.14"
    "source-map" "^0.6.1"

"@wangeditor/basic-modules@^1.1.7", "@wangeditor/basic-modules@1.x":
  "integrity" "sha512-cY9CPkLJaqF05STqfpZKWG4LpxTMeGSIIF1fHvfm/mz+JXatCagjdkbxdikOuKYlxDdeqvOeBmsUBItufDLXZg=="
  "resolved" "https://registry.npmmirror.com/@wangeditor/basic-modules/-/basic-modules-1.1.7.tgz"
  "version" "1.1.7"
  dependencies:
    "is-url" "^1.2.4"

"@wangeditor/code-highlight@^1.0.3":
  "integrity" "sha512-iazHwO14XpCuIWJNTQTikqUhGKyqj+dUNWJ9288Oym9M2xMVHvnsOmDU2sgUDWVy+pOLojReMPgXCsvvNlOOhw=="
  "resolved" "https://registry.npmmirror.com/@wangeditor/code-highlight/-/code-highlight-1.0.3.tgz"
  "version" "1.0.3"
  dependencies:
    "prismjs" "^1.23.0"

"@wangeditor/core@^1.1.19", "@wangeditor/core@1.x":
  "integrity" "sha512-KevkB47+7GhVszyYF2pKGKtCSj/YzmClsD03C3zTt+9SR2XWT5T0e3yQqg8baZpcMvkjs1D8Dv4fk8ok/UaS2Q=="
  "resolved" "https://registry.npmmirror.com/@wangeditor/core/-/core-1.1.19.tgz"
  "version" "1.1.19"
  dependencies:
    "@types/event-emitter" "^0.3.3"
    "event-emitter" "^0.3.5"
    "html-void-elements" "^2.0.0"
    "i18next" "^20.4.0"
    "scroll-into-view-if-needed" "^2.2.28"
    "slate-history" "^0.66.0"

"@wangeditor/editor-for-vue@^1.0.2":
  "integrity" "sha512-BOENvAXJVtVXlE2X50AAvjV82YlCUeu5cbeR0cvEQHQjYtiVnJtq7HSoj85r2kTgGouI5OrpJG9BBEjSjUSPyA=="
  "resolved" "https://registry.npmmirror.com/@wangeditor/editor-for-vue/-/editor-for-vue-1.0.2.tgz"
  "version" "1.0.2"

"@wangeditor/editor@>=5.1.0":
  "integrity" "sha512-0RxfeVTuK1tktUaPROnCoFfaHVJpRAIE2zdS0mpP+vq1axVQpLjM8+fCvKzqYIkH0Pg+C+44hJpe3VVroSkEuQ=="
  "resolved" "https://registry.npmmirror.com/@wangeditor/editor/-/editor-5.1.23.tgz"
  "version" "5.1.23"
  dependencies:
    "@uppy/core" "^2.1.1"
    "@uppy/xhr-upload" "^2.0.3"
    "@wangeditor/basic-modules" "^1.1.7"
    "@wangeditor/code-highlight" "^1.0.3"
    "@wangeditor/core" "^1.1.19"
    "@wangeditor/list-module" "^1.0.5"
    "@wangeditor/table-module" "^1.1.4"
    "@wangeditor/upload-image-module" "^1.0.2"
    "@wangeditor/video-module" "^1.1.4"
    "dom7" "^3.0.0"
    "is-hotkey" "^0.2.0"
    "lodash.camelcase" "^4.3.0"
    "lodash.clonedeep" "^4.5.0"
    "lodash.debounce" "^4.0.8"
    "lodash.foreach" "^4.5.0"
    "lodash.isequal" "^4.5.0"
    "lodash.throttle" "^4.1.1"
    "lodash.toarray" "^4.4.0"
    "nanoid" "^3.2.0"
    "slate" "^0.72.0"
    "snabbdom" "^3.1.0"

"@wangeditor/list-module@^1.0.5":
  "integrity" "sha512-uDuYTP6DVhcYf7mF1pTlmNn5jOb4QtcVhYwSSAkyg09zqxI1qBqsfUnveeDeDqIuptSJhkh81cyxi+MF8sEPOQ=="
  "resolved" "https://registry.npmmirror.com/@wangeditor/list-module/-/list-module-1.0.5.tgz"
  "version" "1.0.5"

"@wangeditor/table-module@^1.1.4":
  "integrity" "sha512-5saanU9xuEocxaemGdNi9t8MCDSucnykEC6jtuiT72kt+/Hhh4nERYx1J20OPsTCCdVr7hIyQenFD1iSRkIQ6w=="
  "resolved" "https://registry.npmmirror.com/@wangeditor/table-module/-/table-module-1.1.4.tgz"
  "version" "1.1.4"

"@wangeditor/upload-image-module@^1.0.2":
  "integrity" "sha512-z81lk/v71OwPDYeQDxj6cVr81aDP90aFuywb8nPD6eQeECtOymrqRODjpO6VGvCVxVck8nUxBHtbxKtjgcwyiA=="
  "resolved" "https://registry.npmmirror.com/@wangeditor/upload-image-module/-/upload-image-module-1.0.2.tgz"
  "version" "1.0.2"

"@wangeditor/video-module@^1.1.4":
  "integrity" "sha512-ZdodDPqKQrgx3IwWu4ZiQmXI8EXZ3hm2/fM6E3t5dB8tCaIGWQZhmqd6P5knfkRAd3z2+YRSRbxOGfoRSp/rLg=="
  "resolved" "https://registry.npmmirror.com/@wangeditor/video-module/-/video-module-1.1.4.tgz"
  "version" "1.1.4"

"async-validator@~1.8.1":
  "integrity" "sha512-tXBM+1m056MAX0E8TL2iCjg8WvSyXu0Zc8LNtYqrVeyoL3+esHRZ4SieE9fKQyyU09uONjnMEjrNBMqT0mbvmA=="
  "resolved" "https://registry.npmmirror.com/async-validator/-/async-validator-1.8.5.tgz"
  "version" "1.8.5"
  dependencies:
    "babel-runtime" "6.x"

"babel-helper-vue-jsx-merge-props@^2.0.0":
  "integrity" "sha512-gsLiKK7Qrb7zYJNgiXKpXblxbV5ffSwR0f5whkPAaBAR4fhi6bwRZxX9wBlIc5M/v8CCkXUbXZL4N/nSE97cqg=="
  "resolved" "https://registry.npmmirror.com/babel-helper-vue-jsx-merge-props/-/babel-helper-vue-jsx-merge-props-2.0.3.tgz"
  "version" "2.0.3"

"babel-plugin-component@^1.1.1":
  "integrity" "sha512-WUw887kJf2GH80Ng/ZMctKZ511iamHNqPhd9uKo14yzisvV7Wt1EckIrb8oq/uCz3B3PpAW7Xfl7AkTLDYT6ag=="
  "resolved" "https://registry.npmmirror.com/babel-plugin-component/-/babel-plugin-component-1.1.1.tgz"
  "version" "1.1.1"
  dependencies:
    "@babel/helper-module-imports" "7.0.0-beta.35"

"babel-runtime@6.x":
  "integrity" "sha512-ITKNuq2wKlW1fJg9sSW52eepoYgZBggvOAHC0u/CYu/qxQ9EVzThCgR69BnSXLHjy2f7SY5zaQ4yt7H9ZVxY2g=="
  "resolved" "https://registry.npmmirror.com/babel-runtime/-/babel-runtime-6.26.0.tgz"
  "version" "6.26.0"
  dependencies:
    "core-js" "^2.4.0"
    "regenerator-runtime" "^0.11.0"

"compute-scroll-into-view@^1.0.20":
  "integrity" "sha512-UCB0ioiyj8CRjtrvaceBLqqhZCVP+1B8+NWQhmdsm0VXOJtobBCf1dBQmebCCo34qZmUwZfIH2MZLqNHazrfjg=="
  "resolved" "https://registry.npmmirror.com/compute-scroll-into-view/-/compute-scroll-into-view-1.0.20.tgz"
  "version" "1.0.20"

"core-js@^2.4.0":
  "integrity" "sha512-Kb2wC0fvsWfQrgk8HU5lW6U/Lcs8+9aaYcy4ZFc6DDlo4nZ7n70dEgE5rtR0oG6ufKDUnrwfWL1mXR5ljDatrQ=="
  "resolved" "https://registry.npmmirror.com/core-js/-/core-js-2.6.12.tgz"
  "version" "2.6.12"

"csstype@^3.1.0":
  "integrity" "sha512-DJR/VvkAvSZW9bTouZue2sSxDwdTN92uHjqeKVm+0dAqdfNykRzQ95tay8aXMBAAPpUiq4Qcug2L7neoRh2Egw=="
  "resolved" "https://registry.npmmirror.com/csstype/-/csstype-3.1.1.tgz"
  "version" "3.1.1"

"d@^1.0.1", "d@1":
  "integrity" "sha512-m62ShEObQ39CfralilEQRjH6oAMtNCV1xJyEx5LpRYUVN+EviphDgUc/F3hnYbADmkiNs67Y+3ylmlG7Lnu+FA=="
  "resolved" "https://registry.npmmirror.com/d/-/d-1.0.1.tgz"
  "version" "1.0.1"
  dependencies:
    "es5-ext" "^0.10.50"
    "type" "^1.0.1"

"deepmerge@^1.2.0":
  "integrity" "sha512-95k0GDqvBjZavkuvzx/YqVLv/6YYa17fz6ILMSf7neqQITCPbnfEnQvEgMPNjH4kgobe7+WIL0yJEHku+H3qtQ=="
  "resolved" "https://registry.npmmirror.com/deepmerge/-/deepmerge-1.5.2.tgz"
  "version" "1.5.2"

"dom7@^3.0.0":
  "integrity" "sha512-oNlcUdHsC4zb7Msx7JN3K0Nro1dzJ48knvBOnDPKJ2GV9wl1i5vydJZUSyOfrkKFDZEud/jBsTk92S/VGSAe/g=="
  "resolved" "https://registry.npmmirror.com/dom7/-/dom7-3.0.0.tgz"
  "version" "3.0.0"
  dependencies:
    "ssr-window" "^3.0.0-alpha.1"

"element-ui@^2.15.13":
  "integrity" "sha512-LJoatEYX6WV74FqXBss8Xfho9fh9rjDSzrDrTyREdGb1h1R3uRvmLh5jqp2JU137aj4/BgqA3K06RQpQBX33Bg=="
  "resolved" "https://registry.npmmirror.com/element-ui/-/element-ui-2.15.13.tgz"
  "version" "2.15.13"
  dependencies:
    "async-validator" "~1.8.1"
    "babel-helper-vue-jsx-merge-props" "^2.0.0"
    "deepmerge" "^1.2.0"
    "normalize-wheel" "^1.0.1"
    "resize-observer-polyfill" "^1.5.0"
    "throttle-debounce" "^1.0.1"

"es5-ext@^0.10.35", "es5-ext@^0.10.50", "es5-ext@~0.10.14":
  "integrity" "sha512-BHLqn0klhEpnOKSrzn/Xsz2UIW8j+cGmo9JLzr8BiUapV8hPL9+FliFqjwr9ngW7jWdnxv6eO+/LqyhJVqgrjA=="
  "resolved" "https://registry.npmmirror.com/es5-ext/-/es5-ext-0.10.62.tgz"
  "version" "0.10.62"
  dependencies:
    "es6-iterator" "^2.0.3"
    "es6-symbol" "^3.1.3"
    "next-tick" "^1.1.0"

"es6-iterator@^2.0.3":
  "integrity" "sha512-zw4SRzoUkd+cl+ZoE15A9o1oQd920Bb0iOJMQkQhl3jNc03YqVjAhG7scf9C5KWRU/R13Orf588uCC6525o02g=="
  "resolved" "https://registry.npmmirror.com/es6-iterator/-/es6-iterator-2.0.3.tgz"
  "version" "2.0.3"
  dependencies:
    "d" "1"
    "es5-ext" "^0.10.35"
    "es6-symbol" "^3.1.1"

"es6-symbol@^3.1.1", "es6-symbol@^3.1.3":
  "integrity" "sha512-NJ6Yn3FuDinBaBRWl/q5X/s4koRHBrgKAu+yGI6JCBeiu3qrcbJhwT2GeR/EXVfylRk8dpQVJoLEFhK+Mu31NA=="
  "resolved" "https://registry.npmmirror.com/es6-symbol/-/es6-symbol-3.1.3.tgz"
  "version" "3.1.3"
  dependencies:
    "d" "^1.0.1"
    "ext" "^1.1.2"

"esutils@^2.0.2":
  "integrity" "sha512-kVscqXk4OCp68SZ0dkgEKVi6/8ij300KBWTJq32P/dYeWTSwK41WyTxalN1eRmA5Z9UU/LX9D7FWSmV9SAYx6g=="
  "resolved" "https://registry.npmmirror.com/esutils/-/esutils-2.0.3.tgz"
  "version" "2.0.3"

"event-emitter@^0.3.5":
  "integrity" "sha512-D9rRn9y7kLPnJ+hMq7S/nhvoKwwvVJahBi2BPmx3bvbsEdK3W9ii8cBSGjP+72/LnM4n6fo3+dkCX5FeTQruXA=="
  "resolved" "https://registry.npmmirror.com/event-emitter/-/event-emitter-0.3.5.tgz"
  "version" "0.3.5"
  dependencies:
    "d" "1"
    "es5-ext" "~0.10.14"

"ext@^1.1.2":
  "integrity" "sha512-6hxeJYaL110a9b5TEJSj0gojyHQAmA2ch5Os+ySCiA1QGdS697XWY1pzsrSjqA9LDEEgdB/KypIlR59RcLuHYw=="
  "resolved" "https://registry.npmmirror.com/ext/-/ext-1.7.0.tgz"
  "version" "1.7.0"
  dependencies:
    "type" "^2.7.2"

"html-void-elements@^2.0.0":
  "integrity" "sha512-0quDb7s97CfemeJAnW9wC0hw78MtW7NU3hqtCD75g2vFlDLt36llsYD7uB7SUzojLMP24N5IatXf7ylGXiGG9A=="
  "resolved" "https://registry.npmmirror.com/html-void-elements/-/html-void-elements-2.0.1.tgz"
  "version" "2.0.1"

"i18next@^20.4.0":
  "integrity" "sha512-yCMYTMEJ9ihCwEQQ3phLo7I/Pwycf8uAx+sRHwwk5U9Aui/IZYgQRyMqXafQOw5QQ7DM1Z+WyEXWIqSuJHhG2A=="
  "resolved" "https://registry.npmmirror.com/i18next/-/i18next-20.6.1.tgz"
  "version" "20.6.1"
  dependencies:
    "@babel/runtime" "^7.12.0"

"immer@^9.0.6":
  "integrity" "sha512-eY+Y0qcsB4TZKwgQzLaE/lqYMlKhv5J9dyd2RhhtGhNo2njPXDqU9XPfcNfa3MIDsdtZt5KlkIsirlo4dHsWdQ=="
  "resolved" "https://registry.npmmirror.com/immer/-/immer-9.0.19.tgz"
  "version" "9.0.19"

"is-hotkey@^0.2.0":
  "integrity" "sha512-UknnZK4RakDmTgz4PI1wIph5yxSs/mvChWs9ifnlXsKuXgWmOkY/hAE0H/k2MIqH0RlRye0i1oC07MCRSD28Mw=="
  "resolved" "https://registry.npmmirror.com/is-hotkey/-/is-hotkey-0.2.0.tgz"
  "version" "0.2.0"

"is-plain-object@^5.0.0":
  "integrity" "sha512-VRSzKkbMm5jMDoKLbltAkFQ5Qr7VDiTFGXxYFXXowVj387GeGNOCsOH6Msy00SGZ3Fp84b1Naa1psqgcCIEP5Q=="
  "resolved" "https://registry.npmmirror.com/is-plain-object/-/is-plain-object-5.0.0.tgz"
  "version" "5.0.0"

"is-url@^1.2.4":
  "integrity" "sha512-ITvGim8FhRiYe4IQ5uHSkj7pVaPDrCTkNd3yq3cV7iZAcJdHTUMPMEHcqSOy9xZ9qFenQCvi+2wjH9a1nXqHww=="
  "resolved" "https://registry.npmmirror.com/is-url/-/is-url-1.2.4.tgz"
  "version" "1.2.4"

"lodash.camelcase@^4.3.0":
  "integrity" "sha512-TwuEnCnxbc3rAvhf/LbG7tJUDzhqXyFnv3dtzLOPgCG/hODL7WFnsbwktkD7yUV0RrreP/l1PALq/YSg6VvjlA=="
  "resolved" "https://registry.npmmirror.com/lodash.camelcase/-/lodash.camelcase-4.3.0.tgz"
  "version" "4.3.0"

"lodash.clonedeep@^4.5.0":
  "integrity" "sha512-H5ZhCF25riFd9uB5UCkVKo61m3S/xZk1x4wA6yp/L3RFP6Z/eHH1ymQcGLo7J3GMPfm0V/7m1tryHuGVxpqEBQ=="
  "resolved" "https://registry.npmmirror.com/lodash.clonedeep/-/lodash.clonedeep-4.5.0.tgz"
  "version" "4.5.0"

"lodash.debounce@^4.0.8":
  "integrity" "sha512-FT1yDzDYEoYWhnSGnpE/4Kj1fLZkDFyqRb7fNt6FdYOSxlUWAtp42Eh6Wb0rGIv/m9Bgo7x4GhQbm5Ys4SG5ow=="
  "resolved" "https://registry.npmmirror.com/lodash.debounce/-/lodash.debounce-4.0.8.tgz"
  "version" "4.0.8"

"lodash.foreach@^4.5.0":
  "integrity" "sha512-aEXTF4d+m05rVOAUG3z4vZZ4xVexLKZGF0lIxuHZ1Hplpk/3B6Z1+/ICICYRLm7c41Z2xiejbkCkJoTlypoXhQ=="
  "resolved" "https://registry.npmmirror.com/lodash.foreach/-/lodash.foreach-4.5.0.tgz"
  "version" "4.5.0"

"lodash.isequal@^4.5.0":
  "integrity" "sha512-pDo3lu8Jhfjqls6GkMgpahsF9kCyayhgykjyLMNFTKWrpVdAQtYyB4muAMWozBB4ig/dtWAmsMxLEI8wuz+DYQ=="
  "resolved" "https://registry.npmmirror.com/lodash.isequal/-/lodash.isequal-4.5.0.tgz"
  "version" "4.5.0"

"lodash.throttle@^4.1.1":
  "integrity" "sha512-wIkUCfVKpVsWo3JSZlc+8MB5it+2AN5W8J7YVMST30UrvcQNZ1Okbj+rbVniijTWE6FGYy4XJq/rHkas8qJMLQ=="
  "resolved" "https://registry.npmmirror.com/lodash.throttle/-/lodash.throttle-4.1.1.tgz"
  "version" "4.1.1"

"lodash.toarray@^4.4.0":
  "integrity" "sha512-QyffEA3i5dma5q2490+SgCvDN0pXLmRGSyAANuVi0HQ01Pkfr9fuoKQW8wm1wGBnJITs/mS7wQvS6VshUEBFCw=="
  "resolved" "https://registry.npmmirror.com/lodash.toarray/-/lodash.toarray-4.4.0.tgz"
  "version" "4.4.0"

"lodash@^4.2.0":
  "integrity" "sha512-v2kDEe57lecTulaDIuNTPy3Ry4gLGJ6Z1O3vE1krgXZNrsQ+LFTGHVxVjcXPs17LhbZVGedAJv8XZ1tvj5FvSg=="
  "resolved" "https://registry.npmmirror.com/lodash/-/lodash-4.17.21.tgz"
  "version" "4.17.21"

"marked@^2.1.3":
  "integrity" "sha512-/Q+7MGzaETqifOMWYEA7HVMaZb4XbcRfaOzcSsHZEith83KGlvaSG33u0SKu89Mj5h+T8V2hM+8O45Qc5XTgwA=="
  "resolved" "https://registry.npmmirror.com/marked/-/marked-2.1.3.tgz"
  "version" "2.1.3"

"mime-match@^1.0.2":
  "integrity" "sha512-VXp/ugGDVh3eCLOBCiHZMYWQaTNUHv2IJrut+yXA6+JbLPXHglHwfS/5A5L0ll+jkCY7fIzRJcH6OIunF+c6Cg=="
  "resolved" "https://registry.npmmirror.com/mime-match/-/mime-match-1.0.2.tgz"
  "version" "1.0.2"
  dependencies:
    "wildcard" "^1.1.0"

"namespace-emitter@^2.0.1":
  "integrity" "sha512-N/sMKHniSDJBjfrkbS/tpkPj4RAbvW3mr8UAzvlMHyun93XEm83IAvhWtJVHo+RHn/oO8Job5YN4b+wRjSVp5g=="
  "resolved" "https://registry.npmmirror.com/namespace-emitter/-/namespace-emitter-2.0.1.tgz"
  "version" "2.0.1"

"nanoid@^3.1.25", "nanoid@^3.2.0", "nanoid@^3.3.4":
  "integrity" "sha512-MqBkQh/OHTS2egovRtLk45wEyNXwF+cokD+1YPf9u5VfJiRdAiRwB2froX5Co9Rh20xs4siNPm8naNotSD6RBw=="
  "resolved" "https://registry.npmmirror.com/nanoid/-/nanoid-3.3.4.tgz"
  "version" "3.3.4"

"next-tick@^1.1.0":
  "integrity" "sha512-CXdUiJembsNjuToQvxayPZF9Vqht7hewsvy2sOWafLvi2awflj9mOC6bHIg50orX8IJvWKY9wYQ/zB2kogPslQ=="
  "resolved" "https://registry.npmmirror.com/next-tick/-/next-tick-1.1.0.tgz"
  "version" "1.1.0"

"normalize-wheel@^1.0.1":
  "integrity" "sha512-1OnlAPZ3zgrk8B91HyRj+eVv+kS5u+Z0SCsak6Xil/kmgEia50ga7zfkumayonZrImffAxPU/5WcyGhzetHNPA=="
  "resolved" "https://registry.npmmirror.com/normalize-wheel/-/normalize-wheel-1.0.1.tgz"
  "version" "1.0.1"

"picocolors@^1.0.0":
  "integrity" "sha512-1fygroTLlHu66zi26VoTDv8yRgm0Fccecssto+MhsZ0D/DGW2sm8E8AjW7NU5VVTRt5GxbeZ5qBuJr+HyLYkjQ=="
  "resolved" "https://registry.npmmirror.com/picocolors/-/picocolors-1.0.0.tgz"
  "version" "1.0.0"

"postcss@^8.4.14":
  "integrity" "sha512-tP7u/Sn/dVxK2NnruI4H9BG+x+Wxz6oeZ1cJ8P6G/PZY0IKk4k/63TDsQf2kQq3+qoJeLm2kIBUNlZe3zgb4Zg=="
  "resolved" "https://registry.npmmirror.com/postcss/-/postcss-8.4.21.tgz"
  "version" "8.4.21"
  dependencies:
    "nanoid" "^3.3.4"
    "picocolors" "^1.0.0"
    "source-map-js" "^1.0.2"

"preact@^10.5.13":
  "integrity" "sha512-KyoXVDU5OqTpG9LXlB3+y639JAGzl8JSBXLn1J9HTSB3gbKcuInga7bZnXLlxmK94ntTs1EFeZp0lrja2AuBYQ=="
  "resolved" "https://registry.npmmirror.com/preact/-/preact-10.13.1.tgz"
  "version" "10.13.1"

"prismjs@^1.23.0":
  "integrity" "sha512-Kx/1w86q/epKcmte75LNrEoT+lX8pBpavuAbvJWRXar7Hz8jrtF+e3vY751p0R8H9HdArwaCTNDDzHg/ScJK1Q=="
  "resolved" "https://registry.npmmirror.com/prismjs/-/prismjs-1.29.0.tgz"
  "version" "1.29.0"

"regenerator-runtime@^0.11.0":
  "integrity" "sha512-MguG95oij0fC3QV3URf4V2SDYGJhJnJGqvIIgdECeODCT98wSWDAJ94SSuVpYQUoTcGUIL6L4yNB7j1DFFHSBg=="
  "resolved" "https://registry.npmmirror.com/regenerator-runtime/-/regenerator-runtime-0.11.1.tgz"
  "version" "0.11.1"

"regenerator-runtime@^0.13.11":
  "integrity" "sha512-kY1AZVr2Ra+t+piVaJ4gxaFaReZVH40AKNo7UCX6W+dEwBo/2oZJzqfuN1qLq1oL45o56cPaTXELwrTh8Fpggg=="
  "resolved" "https://registry.npmmirror.com/regenerator-runtime/-/regenerator-runtime-0.13.11.tgz"
  "version" "0.13.11"

"resize-observer-polyfill@^1.5.0":
  "integrity" "sha512-LwZrotdHOo12nQuZlHEmtuXdqGoOD0OhaxopaNFxWzInpEgaLWoVuAMbTzixuosCx2nEG58ngzW3vxdWoxIgdg=="
  "resolved" "https://registry.npmmirror.com/resize-observer-polyfill/-/resize-observer-polyfill-1.5.1.tgz"
  "version" "1.5.1"

"scroll-into-view-if-needed@^2.2.28":
  "integrity" "sha512-dGCXy99wZQivjmjIqihaBQNjryrz5rueJY7eHfTdyWEiR4ttYpsajb14rn9s5d4DY4EcY6+4+U/maARBXJedkA=="
  "resolved" "https://registry.npmmirror.com/scroll-into-view-if-needed/-/scroll-into-view-if-needed-2.2.31.tgz"
  "version" "2.2.31"
  dependencies:
    "compute-scroll-into-view" "^1.0.20"

"slate-history@^0.66.0":
  "integrity" "sha512-6MWpxGQZiMvSINlCbMW43E2YBSVMCMCIwQfBzGssjWw4kb0qfvj0pIdblWNRQZD0hR6WHP+dHHgGSeVdMWzfng=="
  "resolved" "https://registry.npmmirror.com/slate-history/-/slate-history-0.66.0.tgz"
  "version" "0.66.0"
  dependencies:
    "is-plain-object" "^5.0.0"

"slate@^0.72.0", "slate@>=0.65.3":
  "integrity" "sha512-/nJwTswQgnRurpK+bGJFH1oM7naD5qDmHd89JyiKNT2oOKD8marW0QSBtuFnwEbL5aGCS8AmrhXQgNOsn4osAw=="
  "resolved" "https://registry.npmmirror.com/slate/-/slate-0.72.8.tgz"
  "version" "0.72.8"
  dependencies:
    "immer" "^9.0.6"
    "is-plain-object" "^5.0.0"
    "tiny-warning" "^1.0.3"

"snabbdom@^3.1.0":
  "integrity" "sha512-wHMNIOjkm/YNE5EM3RCbr/+DVgPg6AqQAX1eOxO46zYNvCXjKP5Y865tqQj3EXnaMBjkxmQA5jFuDpDK/dbfiA=="
  "resolved" "https://registry.npmmirror.com/snabbdom/-/snabbdom-3.5.1.tgz"
  "version" "3.5.1"

"source-map-js@^1.0.2":
  "integrity" "sha512-R0XvVJ9WusLiqTCEiGCmICCMplcCkIwwR11mOSD9CR5u+IXYdiseeEuXCVAjS54zqwkLcPNnmU4OeJ6tUrWhDw=="
  "resolved" "https://registry.npmmirror.com/source-map-js/-/source-map-js-1.0.2.tgz"
  "version" "1.0.2"

"source-map@^0.6.1":
  "integrity" "sha512-UjgapumWlbMhkBgzT7Ykc5YXUT46F0iKu8SGXq0bcwP5dz/h0Plj6enJqjz1Zbq2l5WaqYnrVbwWOWMyF3F47g=="
  "resolved" "https://registry.npmmirror.com/source-map/-/source-map-0.6.1.tgz"
  "version" "0.6.1"

"ssr-window@^3.0.0-alpha.1":
  "integrity" "sha512-q+8UfWDg9Itrg0yWK7oe5p/XRCJpJF9OBtXfOPgSJl+u3Xd5KI328RUEvUqSMVM9CiQUEf1QdBzJMkYGErj9QA=="
  "resolved" "https://registry.npmmirror.com/ssr-window/-/ssr-window-3.0.0.tgz"
  "version" "3.0.0"

"throttle-debounce@^1.0.1":
  "integrity" "sha512-XH8UiPCQcWNuk2LYePibW/4qL97+ZQ1AN3FNXwZRBNPPowo/NRU5fAlDCSNBJIYCKbioZfuYtMhG4quqoJhVzg=="
  "resolved" "https://registry.npmmirror.com/throttle-debounce/-/throttle-debounce-1.1.0.tgz"
  "version" "1.1.0"

"tiny-warning@^1.0.3":
  "integrity" "sha512-lBN9zLN/oAf68o3zNXYrdCt1kP8WsiGW8Oo2ka41b2IM5JL/S1CTyX1rW0mb/zSuJun0ZUrDxx4sqvYS2FWzPA=="
  "resolved" "https://registry.npmmirror.com/tiny-warning/-/tiny-warning-1.0.3.tgz"
  "version" "1.0.3"

"to-fast-properties@^2.0.0":
  "integrity" "sha512-/OaKK0xYrs3DmxRYqL/yDc+FxFUVYhDlXMhRmv3z915w2HF1tnN1omB354j8VUGO/hbRzyD6Y3sA7v7GS/ceog=="
  "resolved" "https://registry.npmmirror.com/to-fast-properties/-/to-fast-properties-2.0.0.tgz"
  "version" "2.0.0"

"type@^1.0.1":
  "integrity" "sha512-+5nt5AAniqsCnu2cEQQdpzCAh33kVx8n0VoFidKpB1dVVLAN/F+bgVOqOJqOnEnrhp222clB5p3vUlD+1QAnfg=="
  "resolved" "https://registry.npmmirror.com/type/-/type-1.2.0.tgz"
  "version" "1.2.0"

"type@^2.7.2":
  "integrity" "sha512-dzlvlNlt6AXU7EBSfpAscydQ7gXB+pPGsPnfJnZpiNJBDj7IaJzQlBZYGdEi4R9HmPdBv2XmWJ6YUtoTa7lmCw=="
  "resolved" "https://registry.npmmirror.com/type/-/type-2.7.2.tgz"
  "version" "2.7.2"

"uni-read-pages@^1.0.5":
  "integrity" "sha512-GkrrZ0LX0vn9R5k6RKEi0Ez3Q3e2vUpjXQ8Z6/K/d28KudI9ajqgt8WEjQFlG5EPm1K6uTArN8LlqmZTEixDUA=="
  "resolved" "https://registry.npmmirror.com/uni-read-pages/-/uni-read-pages-1.0.5.tgz"
  "version" "1.0.5"

"uni-simple-router@^2.0.7":
  "integrity" "sha512-8FKv5dw7Eoonm0gkO8udprrxzin0fNUI0+AvIphFkFRH5ZmP5ZWJ2pvnWzb2NiiqQSECTSU5VSB7HhvOSwD5eA=="
  "resolved" "https://registry.npmmirror.com/uni-simple-router/-/uni-simple-router-2.0.7.tgz"
  "version" "2.0.7"

"vue@^2.5.17", "vue@^2.6.14":
  "integrity" "sha512-b2qkFyOM0kwqWFuQmgd4o+uHGU7T+2z3T+WQp8UBjADfEv2n4FEMffzBmCKNP0IGzOEEfYjvtcC62xaSKeQDrQ=="
  "resolved" "https://registry.npmmirror.com/vue/-/vue-2.7.14.tgz"
  "version" "2.7.14"
  dependencies:
    "@vue/compiler-sfc" "2.7.14"
    "csstype" "^3.1.0"

"wildcard@^1.1.0":
  "integrity" "sha512-DXukZJxpHA8LuotRwL0pP1+rS6CS7FF2qStDDE1C7DDg2rLud2PXRMuEDYIPhgEezwnlHNL4c+N6MfMTjCGTng=="
  "resolved" "https://registry.npmmirror.com/wildcard/-/wildcard-1.1.2.tgz"
  "version" "1.1.2"
